# @generated by Move, please check-in and do not edit manually.

[move]
version = 3
manifest_digest = "82BC09E874F694517A977AC5E79C14736C66F1817A537B80FB651C2B03BD8949"
deps_digest = "F8BBB0CCB2491CA29A3DF03D6F92277A4F3574266507ACD77214D37ECA3F3082"
dependencies = [
  { id = "Sui", name = "Sui" },
]

[[move.package]]
id = "MoveStdlib"
source = { git = "https://github.com/MystenLabs/sui.git", rev = "framework/testnet", subdir = "crates/sui-framework/packages/move-stdlib" }

[[move.package]]
id = "Sui"
source = { git = "https://github.com/MystenLabs/sui.git", rev = "framework/testnet", subdir = "crates/sui-framework/packages/sui-framework" }

dependencies = [
  { id = "MoveStdlib", name = "MoveStdlib" },
]

[move.toolchain-version]
compiler-version = "1.41.1"
edition = "2024"
flavor = "sui"

[env]

[env.testnet]
chain-id = "4c78adac"
original-published-id = "0xdd063e4331d7dc940b34bdc8c78d925452ddee09d86875a4cd2059c09e55e190"
latest-published-id = "0xdd063e4331d7dc940b34bdc8c78d925452ddee09d86875a4cd2059c09e55e190"
published-version = "1"
